
Microsoft Visual Studio Solution File, Format Version 12.00
# Visual Studio Version 16
VisualStudioVersion = 16.0.28729.10
MinimumVisualStudioVersion = 10.0.40219.1
Project("{9A19103F-16F7-4668-BE54-9A1E7A4F7556}") = "incremental-society.tests", "tests\incremental-society.tests.csproj", "{79D4C911-7FEF-4D10-9DD7-842CDD084C4B}"
EndProject
Project("{9A19103F-16F7-4668-BE54-9A1E7A4F7556}") = "incremental-society", "src\lib\incremental-society.csproj", "{476DEC2B-16CB-4492-875D-DEF26D2C25A5}"
EndProject
Project("{9A19103F-16F7-4668-BE54-9A1E7A4F7556}") = "IncrementalSociety.Web", "src\IncrementalSociety.Web\IncrementalSociety.Web.csproj", "{3C9BACBD-623E-48AD-BA6F-7CB6594F1BFF}"
EndProject
Project("{2150E333-8FDC-42A3-9474-1A3956D46DE8}") = "Solution Items", "Solution Items", "{42234264-EEF8-4E76-B590-7135EB8ABA84}"
	ProjectSection(SolutionItems) = preProject
		.editorconfig = .editorconfig
	EndProjectSection
EndProject
Project("{FAE04EC0-301F-11D3-BF4B-00C04F79EFBC}") = "runner", "runner\runner.csproj", "{C66E3B02-EECA-42BA-8AAB-218E49331D20}"
EndProject
Global
	GlobalSection(SolutionConfigurationPlatforms) = preSolution
		Debug|Any CPU = Debug|Any CPU
		Debug|iPhone = Debug|iPhone
		Debug|iPhoneSimulator = Debug|iPhoneSimulator
		Release|Any CPU = Release|Any CPU
		Release|iPhone = Release|iPhone
		Release|iPhoneSimulator = Release|iPhoneSimulator
	EndGlobalSection
	GlobalSection(ProjectConfigurationPlatforms) = postSolution
		{79D4C911-7FEF-4D10-9DD7-842CDD084C4B}.Debug|Any CPU.ActiveCfg = Debug|Any CPU
		{79D4C911-7FEF-4D10-9DD7-842CDD084C4B}.Debug|Any CPU.Build.0 = Debug|Any CPU
		{79D4C911-7FEF-4D10-9DD7-842CDD084C4B}.Debug|iPhone.ActiveCfg = Debug|Any CPU
		{79D4C911-7FEF-4D10-9DD7-842CDD084C4B}.Debug|iPhone.Build.0 = Debug|Any CPU
		{79D4C911-7FEF-4D10-9DD7-842CDD084C4B}.Debug|iPhoneSimulator.ActiveCfg = Debug|Any CPU
		{79D4C911-7FEF-4D10-9DD7-842CDD084C4B}.Debug|iPhoneSimulator.Build.0 = Debug|Any CPU
		{79D4C911-7FEF-4D10-9DD7-842CDD084C4B}.Release|Any CPU.ActiveCfg = Release|Any CPU
		{79D4C911-7FEF-4D10-9DD7-842CDD084C4B}.Release|Any CPU.Build.0 = Release|Any CPU
		{79D4C911-7FEF-4D10-9DD7-842CDD084C4B}.Release|iPhone.ActiveCfg = Release|Any CPU
		{79D4C911-7FEF-4D10-9DD7-842CDD084C4B}.Release|iPhone.Build.0 = Release|Any CPU
		{79D4C911-7FEF-4D10-9DD7-842CDD084C4B}.Release|iPhoneSimulator.ActiveCfg = Release|Any CPU
		{79D4C911-7FEF-4D10-9DD7-842CDD084C4B}.Release|iPhoneSimulator.Build.0 = Release|Any CPU
		{476DEC2B-16CB-4492-875D-DEF26D2C25A5}.Debug|Any CPU.ActiveCfg = Debug|Any CPU
		{476DEC2B-16CB-4492-875D-DEF26D2C25A5}.Debug|Any CPU.Build.0 = Debug|Any CPU
		{476DEC2B-16CB-4492-875D-DEF26D2C25A5}.Debug|iPhone.ActiveCfg = Debug|Any CPU
		{476DEC2B-16CB-4492-875D-DEF26D2C25A5}.Debug|iPhone.Build.0 = Debug|Any CPU
		{476DEC2B-16CB-4492-875D-DEF26D2C25A5}.Debug|iPhoneSimulator.ActiveCfg = Debug|Any CPU
		{476DEC2B-16CB-4492-875D-DEF26D2C25A5}.Debug|iPhoneSimulator.Build.0 = Debug|Any CPU
		{476DEC2B-16CB-4492-875D-DEF26D2C25A5}.Release|Any CPU.ActiveCfg = Release|Any CPU
		{476DEC2B-16CB-4492-875D-DEF26D2C25A5}.Release|Any CPU.Build.0 = Release|Any CPU
		{476DEC2B-16CB-4492-875D-DEF26D2C25A5}.Release|iPhone.ActiveCfg = Release|Any CPU
		{476DEC2B-16CB-4492-875D-DEF26D2C25A5}.Release|iPhone.Build.0 = Release|Any CPU
		{476DEC2B-16CB-4492-875D-DEF26D2C25A5}.Release|iPhoneSimulator.ActiveCfg = Release|Any CPU
		{476DEC2B-16CB-4492-875D-DEF26D2C25A5}.Release|iPhoneSimulator.Build.0 = Release|Any CPU
		{3C9BACBD-623E-48AD-BA6F-7CB6594F1BFF}.Debug|Any CPU.ActiveCfg = Debug|Any CPU
		{3C9BACBD-623E-48AD-BA6F-7CB6594F1BFF}.Debug|Any CPU.Build.0 = Debug|Any CPU
		{3C9BACBD-623E-48AD-BA6F-7CB6594F1BFF}.Debug|iPhone.ActiveCfg = Debug|Any CPU
		{3C9BACBD-623E-48AD-BA6F-7CB6594F1BFF}.Debug|iPhone.Build.0 = Debug|Any CPU
		{3C9BACBD-623E-48AD-BA6F-7CB6594F1BFF}.Debug|iPhoneSimulator.ActiveCfg = Debug|Any CPU
		{3C9BACBD-623E-48AD-BA6F-7CB6594F1BFF}.Debug|iPhoneSimulator.Build.0 = Debug|Any CPU
		{3C9BACBD-623E-48AD-BA6F-7CB6594F1BFF}.Release|Any CPU.ActiveCfg = Release|Any CPU
		{3C9BACBD-623E-48AD-BA6F-7CB6594F1BFF}.Release|Any CPU.Build.0 = Release|Any CPU
		{3C9BACBD-623E-48AD-BA6F-7CB6594F1BFF}.Release|iPhone.ActiveCfg = Release|Any CPU
		{3C9BACBD-623E-48AD-BA6F-7CB6594F1BFF}.Release|iPhone.Build.0 = Release|Any CPU
		{3C9BACBD-623E-48AD-BA6F-7CB6594F1BFF}.Release|iPhoneSimulator.ActiveCfg = Release|Any CPU
		{3C9BACBD-623E-48AD-BA6F-7CB6594F1BFF}.Release|iPhoneSimulator.Build.0 = Release|Any CPU
		{C66E3B02-EECA-42BA-8AAB-218E49331D20}.Debug|Any CPU.ActiveCfg = Debug|Any CPU
		{C66E3B02-EECA-42BA-8AAB-218E49331D20}.Debug|Any CPU.Build.0 = Debug|Any CPU
		{C66E3B02-EECA-42BA-8AAB-218E49331D20}.Debug|iPhone.ActiveCfg = Debug|Any CPU
		{C66E3B02-EECA-42BA-8AAB-218E49331D20}.Debug|iPhone.Build.0 = Debug|Any CPU
		{C66E3B02-EECA-42BA-8AAB-218E49331D20}.Debug|iPhoneSimulator.ActiveCfg = Debug|Any CPU
		{C66E3B02-EECA-42BA-8AAB-218E49331D20}.Debug|iPhoneSimulator.Build.0 = Debug|Any CPU
		{C66E3B02-EECA-42BA-8AAB-218E49331D20}.Release|Any CPU.ActiveCfg = Release|Any CPU
		{C66E3B02-EECA-42BA-8AAB-218E49331D20}.Release|Any CPU.Build.0 = Release|Any CPU
		{C66E3B02-EECA-42BA-8AAB-218E49331D20}.Release|iPhone.ActiveCfg = Release|Any CPU
		{C66E3B02-EECA-42BA-8AAB-218E49331D20}.Release|iPhone.Build.0 = Release|Any CPU
		{C66E3B02-EECA-42BA-8AAB-218E49331D20}.Release|iPhoneSimulator.ActiveCfg = Release|Any CPU
		{C66E3B02-EECA-42BA-8AAB-218E49331D20}.Release|iPhoneSimulator.Build.0 = Release|Any CPU
	EndGlobalSection
	GlobalSection(SolutionProperties) = preSolution
		HideSolutionNode = FALSE
	EndGlobalSection
	GlobalSection(ExtensibilityGlobals) = postSolution
		SolutionGuid = {ED595AD9-15E2-4C99-98B6-F78D4A522EDD}
	EndGlobalSection
EndGlobal
